
Microsoft Visual Studio Solution File, Format Version 12.00
# Visual Studio 15
VisualStudioVersion = 15.0.28010.2036
MinimumVisualStudioVersion = 10.0.40219.1
Project("{159641D6-6404-4A2A-AE62-294DE0FE8301}") = "Pipetest91", "Pipetest91\Pipetest91.dtproj", "{32DC5E4E-EF9B-4B8C-8282-53F0D0CCB3E9}"
EndProject
Global
	GlobalSection(SolutionConfigurationPlatforms) = preSolution
		Development|Default = Development|Default
	EndGlobalSection
	GlobalSection(ProjectConfigurationPlatforms) = postSolution
		{32DC5E4E-EF9B-4B8C-8282-53F0D0CCB3E9}.Development|Default.ActiveCfg = Development
		{32DC5E4E-EF9B-4B8C-8282-53F0D0CCB3E9}.Development|Default.Build.0 = Development
	EndGlobalSection
	GlobalSection(SolutionProperties) = preSolution
		HideSolutionNode = FALSE
	EndGlobalSection
	GlobalSection(ExtensibilityGlobals) = postSolution
		SolutionGuid = {6C5555E6-2ABF-4E9C-8C14-FF51FB9E7D8B}
	EndGlobalSection
EndGlobal
